
Microsoft Visual Studio Solution File, Format Version 12.00
# Visual Studio Version 16
VisualStudioVersion = 16.0.30204.135
MinimumVisualStudioVersion = 10.0.40219.1
Project("{FAE04EC0-301F-11D3-BF4B-00C04F79EFBC}") = "MovieManager", "MovieManager.csproj", "{68D928CC-ACBE-4912-8165-E7B4D59D92DB}"
EndProject
Global
	GlobalSection(SolutionConfigurationPlatforms) = preSolution
		Debug|Any CPU = Debug|Any CPU
		Release|Any CPU = Release|Any CPU
	EndGlobalSection
	GlobalSection(ProjectConfigurationPlatforms) = postSolution
		{68D928CC-ACBE-4912-8165-E7B4D59D92DB}.Debug|Any CPU.ActiveCfg = Debug|Any CPU
		{68D928CC-ACBE-4912-8165-E7B4D59D92DB}.Debug|Any CPU.Build.0 = Debug|Any CPU
		{68D928CC-ACBE-4912-8165-E7B4D59D92DB}.Release|Any CPU.ActiveCfg = Release|Any CPU
		{68D928CC-ACBE-4912-8165-E7B4D59D92DB}.Release|Any CPU.Build.0 = Release|Any CPU
	EndGlobalSection
	GlobalSection(SolutionProperties) = preSolution
		HideSolutionNode = FALSE
	EndGlobalSection
	GlobalSection(ExtensibilityGlobals) = postSolution
		SolutionGuid = {ACF2AE2C-4097-48C7-B995-888432596B1B}
	EndGlobalSection
EndGlobal
